{
  "name": "preact-ssr",
  "version": "1.0.0",
  "lockfileVersion": 3,
  "requires": true,
  "packages": {
    "": {
      "name": "preact-ssr",
      "version": "1.0.0",
      "dependencies": {
        "preact": "^10.24.3",
        "preact-render-to-string": "^6.5.11"
      }
    },
    "node_modules/preact": {
      "version": "10.29.4",
      "resolved": "https://registry.npmjs.org/preact/-/preact-10.29.4.tgz",
      "integrity": "sha512-GMpwh9+NJ8tSmqwIaVyFRQkiKfBEzQ+k7r7tle4W+kaJ+7wJiB9hFz9BixAomMtenPPSBfM4bZhXozGxhf0uFQ==",
      "license": "MIT",
      "funding": {
        "type": "opencollective",
        "url": "https://opencollective.com/preact"
      }
    },
    "node_modules/preact-render-to-string": {
      "version": "6.7.0",
      "resolved": "https://registry.npmjs.org/preact-render-to-string/-/preact-render-to-string-6.7.0.tgz",
      "integrity": "sha512-Z4WR8fmLMRpdYqJ9i7vrlXSsSrxVJydwrkEXHapexfARbWfGb7vGcnvNQnIzN0cXciMVOlz/XLoiMCi9gUsy9Q==",
      "license": "MIT",
      "peerDependencies": {
        "preact": ">=10 || >= 11.0.0-0"
      }
    }
  }
}
